
Microsoft Visual Studio Solution File, Format Version 12.00
# Visual Studio Version 17
VisualStudioVersion = 17.9.34407.89
MinimumVisualStudioVersion = 10.0.40219.1
Project("{9A19103F-16F7-4668-BE54-9A1E7A4F7556}") = "LinkMe.Api", "LinkMe.Api\LinkMe.Api.csproj", "{77264D2B-691E-4D29-825E-EDC687C858E4}"
EndProject
Project("{54A90642-561A-4BB1-A94E-469ADEE60C69}") = "LinkMe.Svelte", "LinkMe.Svelte\LinkMe.Svelte.esproj", "{C43FD5A4-CBF4-458A-B1E6-7B18A8030C59}"
EndProject
Project("{9A19103F-16F7-4668-BE54-9A1E7A4F7556}") = "LinkMe.Domain", "LinkMe.Domain\LinkMe.Domain.csproj", "{B796389F-CB3D-4EAC-966B-137F1E7F43B3}"
EndProject
Project("{9A19103F-16F7-4668-BE54-9A1E7A4F7556}") = "LinkMe.Infrastructure", "LinkMe.Infrastructure\LinkMe.Infrastructure.csproj", "{3252C2B1-A35B-48FD-BFBA-B957B169CC5B}"
EndProject
Project("{2150E333-8FDC-42A3-9474-1A3956D46DE8}") = "apps", "apps", "{C030C1E1-F2C0-489E-B167-8EA87C363D48}"
EndProject
Project("{9A19103F-16F7-4668-BE54-9A1E7A4F7556}") = "LinkMe.ApplicationServices", "LinkMe.ApplicationServices\LinkMe.ApplicationServices.csproj", "{C0CE907E-54FD-4CA6-B379-23134DEBC0EA}"
EndProject
Project("{FAE04EC0-301F-11D3-BF4B-00C04F79EFBC}") = "LinkMe.Infrastructure.Sqlite", "LinkMe.Infrastructure.Sqlite\LinkMe.Infrastructure.Sqlite.csproj", "{D9739892-1082-4714-A81E-2D99AB28134D}"
EndProject
Project("{FAE04EC0-301F-11D3-BF4B-00C04F79EFBC}") = "LinkMe.Infrastructure.SqlServer", "LinkMe.Infrastructure.SqlServer\LinkMe.Infrastructure.SqlServer.csproj", "{CDD349CC-B7C0-40CD-AE69-C2398CB31DA4}"
EndProject
Global
	GlobalSection(SolutionConfigurationPlatforms) = preSolution
		Debug|Any CPU = Debug|Any CPU
		Release|Any CPU = Release|Any CPU
	EndGlobalSection
	GlobalSection(ProjectConfigurationPlatforms) = postSolution
		{77264D2B-691E-4D29-825E-EDC687C858E4}.Debug|Any CPU.ActiveCfg = Debug|Any CPU
		{77264D2B-691E-4D29-825E-EDC687C858E4}.Debug|Any CPU.Build.0 = Debug|Any CPU
		{77264D2B-691E-4D29-825E-EDC687C858E4}.Release|Any CPU.ActiveCfg = Release|Any CPU
		{77264D2B-691E-4D29-825E-EDC687C858E4}.Release|Any CPU.Build.0 = Release|Any CPU
		{C43FD5A4-CBF4-458A-B1E6-7B18A8030C59}.Debug|Any CPU.ActiveCfg = Debug|Any CPU
		{C43FD5A4-CBF4-458A-B1E6-7B18A8030C59}.Debug|Any CPU.Build.0 = Debug|Any CPU
		{C43FD5A4-CBF4-458A-B1E6-7B18A8030C59}.Debug|Any CPU.Deploy.0 = Debug|Any CPU
		{C43FD5A4-CBF4-458A-B1E6-7B18A8030C59}.Release|Any CPU.ActiveCfg = Release|Any CPU
		{C43FD5A4-CBF4-458A-B1E6-7B18A8030C59}.Release|Any CPU.Build.0 = Release|Any CPU
		{C43FD5A4-CBF4-458A-B1E6-7B18A8030C59}.Release|Any CPU.Deploy.0 = Release|Any CPU
		{B796389F-CB3D-4EAC-966B-137F1E7F43B3}.Debug|Any CPU.ActiveCfg = Debug|Any CPU
		{B796389F-CB3D-4EAC-966B-137F1E7F43B3}.Debug|Any CPU.Build.0 = Debug|Any CPU
		{B796389F-CB3D-4EAC-966B-137F1E7F43B3}.Release|Any CPU.ActiveCfg = Release|Any CPU
		{B796389F-CB3D-4EAC-966B-137F1E7F43B3}.Release|Any CPU.Build.0 = Release|Any CPU
		{3252C2B1-A35B-48FD-BFBA-B957B169CC5B}.Debug|Any CPU.ActiveCfg = Debug|Any CPU
		{3252C2B1-A35B-48FD-BFBA-B957B169CC5B}.Debug|Any CPU.Build.0 = Debug|Any CPU
		{3252C2B1-A35B-48FD-BFBA-B957B169CC5B}.Release|Any CPU.ActiveCfg = Release|Any CPU
		{3252C2B1-A35B-48FD-BFBA-B957B169CC5B}.Release|Any CPU.Build.0 = Release|Any CPU
		{C0CE907E-54FD-4CA6-B379-23134DEBC0EA}.Debug|Any CPU.ActiveCfg = Debug|Any CPU
		{C0CE907E-54FD-4CA6-B379-23134DEBC0EA}.Debug|Any CPU.Build.0 = Debug|Any CPU
		{C0CE907E-54FD-4CA6-B379-23134DEBC0EA}.Release|Any CPU.ActiveCfg = Release|Any CPU
		{C0CE907E-54FD-4CA6-B379-23134DEBC0EA}.Release|Any CPU.Build.0 = Release|Any CPU
		{D9739892-1082-4714-A81E-2D99AB28134D}.Debug|Any CPU.ActiveCfg = Debug|Any CPU
		{D9739892-1082-4714-A81E-2D99AB28134D}.Debug|Any CPU.Build.0 = Debug|Any CPU
		{D9739892-1082-4714-A81E-2D99AB28134D}.Release|Any CPU.ActiveCfg = Release|Any CPU
		{D9739892-1082-4714-A81E-2D99AB28134D}.Release|Any CPU.Build.0 = Release|Any CPU
		{CDD349CC-B7C0-40CD-AE69-C2398CB31DA4}.Debug|Any CPU.ActiveCfg = Debug|Any CPU
		{CDD349CC-B7C0-40CD-AE69-C2398CB31DA4}.Debug|Any CPU.Build.0 = Debug|Any CPU
		{CDD349CC-B7C0-40CD-AE69-C2398CB31DA4}.Release|Any CPU.ActiveCfg = Release|Any CPU
		{CDD349CC-B7C0-40CD-AE69-C2398CB31DA4}.Release|Any CPU.Build.0 = Release|Any CPU
	EndGlobalSection
	GlobalSection(SolutionProperties) = preSolution
		HideSolutionNode = FALSE
	EndGlobalSection
	GlobalSection(NestedProjects) = preSolution
		{77264D2B-691E-4D29-825E-EDC687C858E4} = {C030C1E1-F2C0-489E-B167-8EA87C363D48}
		{C43FD5A4-CBF4-458A-B1E6-7B18A8030C59} = {C030C1E1-F2C0-489E-B167-8EA87C363D48}
	EndGlobalSection
	GlobalSection(ExtensibilityGlobals) = postSolution
		SolutionGuid = {CA4BB6F6-569A-47EB-AB7F-5178ED32B1A4}
	EndGlobalSection
EndGlobal
